
Microsoft Visual Studio Solution File, Format Version 12.00
# Visual Studio Version 17
VisualStudioVersion = 17.10.35122.118
MinimumVisualStudioVersion = 10.0.40219.1
Project("{9A19103F-16F7-4668-BE54-9A1E7A4F7556}") = "Yono", "Yono\Yono.csproj", "{BEF438DB-9027-4ECB-9DD8-AAB08B56E472}"
EndProject
Global
	GlobalSection(SolutionConfigurationPlatforms) = preSolution
		Debug|Any CPU = Debug|Any CPU
		Release|Any CPU = Release|Any CPU
	EndGlobalSection
	GlobalSection(ProjectConfigurationPlatforms) = postSolution
		{BEF438DB-9027-4ECB-9DD8-AAB08B56E472}.Debug|Any CPU.ActiveCfg = Debug|Any CPU
		{BEF438DB-9027-4ECB-9DD8-AAB08B56E472}.Debug|Any CPU.Build.0 = Debug|Any CPU
		{BEF438DB-9027-4ECB-9DD8-AAB08B56E472}.Release|Any CPU.ActiveCfg = Release|Any CPU
		{BEF438DB-9027-4ECB-9DD8-AAB08B56E472}.Release|Any CPU.Build.0 = Release|Any CPU
	EndGlobalSection
	GlobalSection(SolutionProperties) = preSolution
		HideSolutionNode = FALSE
	EndGlobalSection
	GlobalSection(ExtensibilityGlobals) = postSolution
		SolutionGuid = {45F33D38-6D2E-40D7-B3EC-2072293C98AD}
	EndGlobalSection
EndGlobal
